
Microsoft Visual Studio Solution File, Format Version 12.00
# Visual Studio 2012
Project("{FAE04EC0-301F-11D3-BF4B-00C04F79EFBC}") = "DroidTabs", "DroidTabs\DroidTabs.csproj", "{3DA29D53-2FCD-40C3-94BC-CE1128E43C37}"
EndProject
Global
	GlobalSection(SolutionConfigurationPlatforms) = preSolution
		Debug|Any CPU = Debug|Any CPU
		Release|Any CPU = Release|Any CPU
	EndGlobalSection
	GlobalSection(ProjectConfigurationPlatforms) = postSolution
		{3DA29D53-2FCD-40C3-94BC-CE1128E43C37}.Debug|Any CPU.ActiveCfg = Debug|Any CPU
		{3DA29D53-2FCD-40C3-94BC-CE1128E43C37}.Debug|Any CPU.Build.0 = Debug|Any CPU
		{3DA29D53-2FCD-40C3-94BC-CE1128E43C37}.Release|Any CPU.ActiveCfg = Release|Any CPU
		{3DA29D53-2FCD-40C3-94BC-CE1128E43C37}.Release|Any CPU.Build.0 = Release|Any CPU
	EndGlobalSection
EndGlobal
